// !$*UTF8*$!
{
	archiveVersion = 1;
	classes = {
	};
	objectVersion = 50;
	objects = {

/* Begin PBXBuildFile section */
		CA6EFFA6224D912600BA8A05 /* AdjacencyList.swift in Sources */ = {isa = PBXBuildFile; fileRef = CA6EFF9E224D912600BA8A05 /* AdjacencyList.swift */; };
		CA6EFFA7224D912600BA8A05 /* Edge.swift in Sources */ = {isa = PBXBuildFile; fileRef = CA6EFF9F224D912600BA8A05 /* Edge.swift */; };
		CA6EFFA8224D912600BA8A05 /* Graphable.swift in Sources */ = {isa = PBXBuildFile; fileRef = CA6EFFA0224D912600BA8A05 /* Graphable.swift */; };
		CA6EFFA9224D912600BA8A05 /* Vertex.swift in Sources */ = {isa = PBXBuildFile; fileRef = CA6EFFA1224D912600BA8A05 /* Vertex.swift */; };
		CA6EFFAA224D912600BA8A05 /* Queue.swift in Sources */ = {isa = PBXBuildFile; fileRef = CA6EFFA3224D912600BA8A05 /* Queue.swift */; };
		CA6EFFAB224D912600BA8A05 /* Stack.swift in Sources */ = {isa = PBXBuildFile; fileRef = CA6EFFA5224D912600BA8A05 /* Stack.swift */; };
		CAA2F0B42242A618006ACA61 /* AppDelegate.swift in Sources */ = {isa = PBXBuildFile; fileRef = CAA2F0B32242A618006ACA61 /* AppDelegate.swift */; };
		CAA2F0B62242A618006ACA61 /* GameScene.sks in Resources */ = {isa = PBXBuildFile; fileRef = CAA2F0B52242A618006ACA61 /* GameScene.sks */; };
		CAA2F0B82242A618006ACA61 /* Actions.sks in Resources */ = {isa = PBXBuildFile; fileRef = CAA2F0B72242A618006ACA61 /* Actions.sks */; };
		CAA2F0BA2242A618006ACA61 /* GameScene.swift in Sources */ = {isa = PBXBuildFile; fileRef = CAA2F0B92242A618006ACA61 /* GameScene.swift */; };
		CAA2F0BC2242A618006ACA61 /* GameViewController.swift in Sources */ = {isa = PBXBuildFile; fileRef = CAA2F0BB2242A618006ACA61 /* GameViewController.swift */; };
		CAA2F0BF2242A618006ACA61 /* Main.storyboard in Resources */ = {isa = PBXBuildFile; fileRef = CAA2F0BD2242A618006ACA61 /* Main.storyboard */; };
		CAA2F0C12242A619006ACA61 /* Assets.xcassets in Resources */ = {isa = PBXBuildFile; fileRef = CAA2F0C02242A619006ACA61 /* Assets.xcassets */; };
		CAA2F0C42242A619006ACA61 /* LaunchScreen.storyboard in Resources */ = {isa = PBXBuildFile; fileRef = CAA2F0C22242A619006ACA61 /* LaunchScreen.storyboard */; };
		CAA2F0DB2244617C006ACA61 /* GraphFactory.swift in Sources */ = {isa = PBXBuildFile; fileRef = CAA2F0DA2244617C006ACA61 /* GraphFactory.swift */; };
		CAA2F0E3224469B0006ACA61 /* Search.swift in Sources */ = {isa = PBXBuildFile; fileRef = CAA2F0E2224469B0006ACA61 /* Search.swift */; };
/* End PBXBuildFile section */

/* Begin PBXFileReference section */
		CA6EFF9E224D912600BA8A05 /* AdjacencyList.swift */ = {isa = PBXFileReference; fileEncoding = 4; lastKnownFileType = sourcecode.swift; path = AdjacencyList.swift; sourceTree = "<group>"; };
		CA6EFF9F224D912600BA8A05 /* Edge.swift */ = {isa = PBXFileReference; fileEncoding = 4; lastKnownFileType = sourcecode.swift; path = Edge.swift; sourceTree = "<group>"; };
		CA6EFFA0224D912600BA8A05 /* Graphable.swift */ = {isa = PBXFileReference; fileEncoding = 4; lastKnownFileType = sourcecode.swift; path = Graphable.swift; sourceTree = "<group>"; };
		CA6EFFA1224D912600BA8A05 /* Vertex.swift */ = {isa = PBXFileReference; fileEncoding = 4; lastKnownFileType = sourcecode.swift; path = Vertex.swift; sourceTree = "<group>"; };
		CA6EFFA3224D912600BA8A05 /* Queue.swift */ = {isa = PBXFileReference; fileEncoding = 4; lastKnownFileType = sourcecode.swift; path = Queue.swift; sourceTree = "<group>"; };
		CA6EFFA5224D912600BA8A05 /* Stack.swift */ = {isa = PBXFileReference; fileEncoding = 4; lastKnownFileType = sourcecode.swift; path = Stack.swift; sourceTree = "<group>"; };
		CAA2F0B02242A618006ACA61 /* Graph.app */ = {isa = PBXFileReference; explicitFileType = wrapper.application; includeInIndex = 0; path = Graph.app; sourceTree = BUILT_PRODUCTS_DIR; };
		CAA2F0B32242A618006ACA61 /* AppDelegate.swift */ = {isa = PBXFileReference; lastKnownFileType = sourcecode.swift; path = AppDelegate.swift; sourceTree = "<group>"; };
		CAA2F0B52242A618006ACA61 /* GameScene.sks */ = {isa = PBXFileReference; lastKnownFileType = file.sks; path = GameScene.sks; sourceTree = "<group>"; };
		CAA2F0B72242A618006ACA61 /* Actions.sks */ = {isa = PBXFileReference; lastKnownFileType = file.sks; path = Actions.sks; sourceTree = "<group>"; };
		CAA2F0B92242A618006ACA61 /* GameScene.swift */ = {isa = PBXFileReference; lastKnownFileType = sourcecode.swift; path = GameScene.swift; sourceTree = "<group>"; };
		CAA2F0BB2242A618006ACA61 /* GameViewController.swift */ = {isa = PBXFileReference; lastKnownFileType = sourcecode.swift; path = GameViewController.swift; sourceTree = "<group>"; };
		CAA2F0BE2242A618006ACA61 /* Base */ = {isa = PBXFileReference; lastKnownFileType = file.storyboard; name = Base; path = Base.lproj/Main.storyboard; sourceTree = "<group>"; };
		CAA2F0C02242A619006ACA61 /* Assets.xcassets */ = {isa = PBXFileReference; lastKnownFileType = folder.assetcatalog; path = Assets.xcassets; sourceTree = "<group>"; };
		CAA2F0C32242A619006ACA61 /* Base */ = {isa = PBXFileReference; lastKnownFileType = file.storyboard; name = Base; path = Base.lproj/LaunchScreen.storyboard; sourceTree = "<group>"; };
		CAA2F0C52242A619006ACA61 /* Info.plist */ = {isa = PBXFileReference; lastKnownFileType = text.plist.xml; path = Info.plist; sourceTree = "<group>"; };
		CAA2F0DA2244617C006ACA61 /* GraphFactory.swift */ = {isa = PBXFileReference; lastKnownFileType = sourcecode.swift; path = GraphFactory.swift; sourceTree = "<group>"; };
		CAA2F0E2224469B0006ACA61 /* Search.swift */ = {isa = PBXFileReference; lastKnownFileType = sourcecode.swift; path = Search.swift; sourceTree = "<group>"; };
/* End PBXFileReference section */

/* Begin PBXFrameworksBuildPhase section */
		CAA2F0AD2242A618006ACA61 /* Frameworks */ = {
			isa = PBXFrameworksBuildPhase;
			buildActionMask = 2147483647;
			files = (
			);
			runOnlyForDeploymentPostprocessing = 0;
		};
/* End PBXFrameworksBuildPhase section */

/* Begin PBXGroup section */
		CA6EFF9C224D912600BA8A05 /* Source */ = {
			isa = PBXGroup;
			children = (
				CA6EFF9D224D912600BA8A05 /* Graph */,
				CA6EFFA2224D912600BA8A05 /* Queue */,
				CA6EFFA4224D912600BA8A05 /* Stack */,
			);
			path = Source;
			sourceTree = "<group>";
		};
		CA6EFF9D224D912600BA8A05 /* Graph */ = {
			isa = PBXGroup;
			children = (
				CA6EFF9E224D912600BA8A05 /* AdjacencyList.swift */,
				CA6EFF9F224D912600BA8A05 /* Edge.swift */,
				CA6EFFA0224D912600BA8A05 /* Graphable.swift */,
				CA6EFFA1224D912600BA8A05 /* Vertex.swift */,
			);
			path = Graph;
			sourceTree = "<group>";
		};
		CA6EFFA2224D912600BA8A05 /* Queue */ = {
			isa = PBXGroup;
			children = (
				CA6EFFA3224D912600BA8A05 /* Queue.swift */,
			);
			path = Queue;
			sourceTree = "<group>";
		};
		CA6EFFA4224D912600BA8A05 /* Stack */ = {
			isa = PBXGroup;
			children = (
				CA6EFFA5224D912600BA8A05 /* Stack.swift */,
			);
			path = Stack;
			sourceTree = "<group>";
		};
		CAA2F0A72242A618006ACA61 = {
			isa = PBXGroup;
			children = (
				CAA2F0B22242A618006ACA61 /* Graph */,
				CAA2F0B12242A618006ACA61 /* Products */,
			);
			sourceTree = "<group>";
		};
		CAA2F0B12242A618006ACA61 /* Products */ = {
			isa = PBXGroup;
			children = (
				CAA2F0B02242A618006ACA61 /* Graph.app */,
			);
			name = Products;
			sourceTree = "<group>";
		};
		CAA2F0B22242A618006ACA61 /* Graph */ = {
			isa = PBXGroup;
			children = (
				CA6EFF9C224D912600BA8A05 /* Source */,
				CAA2F0CE2242A674006ACA61 /* Game */,
				CAA2F0CD2242A64B006ACA61 /* Template */,
				CAA2F0CC2242A635006ACA61 /* Assets */,
				CAA2F0D922446168006ACA61 /* Utils */,
				CAA2F0C52242A619006ACA61 /* Info.plist */,
			);
			path = Graph;
			sourceTree = "<group>";
		};
		CAA2F0CC2242A635006ACA61 /* Assets */ = {
			isa = PBXGroup;
			children = (
				CAA2F0C22242A619006ACA61 /* LaunchScreen.storyboard */,
				CAA2F0BD2242A618006ACA61 /* Main.storyboard */,
				CAA2F0C02242A619006ACA61 /* Assets.xcassets */,
			);
			path = Assets;
			sourceTree = "<group>";
		};
		CAA2F0CD2242A64B006ACA61 /* Template */ = {
			isa = PBXGroup;
			children = (
				CAA2F0B32242A618006ACA61 /* AppDelegate.swift */,
			);
			path = Template;
			sourceTree = "<group>";
		};
		CAA2F0CE2242A674006ACA61 /* Game */ = {
			isa = PBXGroup;
			children = (
				CAA2F0B52242A618006ACA61 /* GameScene.sks */,
				CAA2F0B72242A618006ACA61 /* Actions.sks */,
				CAA2F0B92242A618006ACA61 /* GameScene.swift */,
				CAA2F0BB2242A618006ACA61 /* GameViewController.swift */,
			);
			path = Game;
			sourceTree = "<group>";
		};
		CAA2F0D922446168006ACA61 /* Utils */ = {
			isa = PBXGroup;
			children = (
				CAA2F0E022446984006ACA61 /* Search */,
				CAA2F0DF2244696E006ACA61 /* Factory */,
			);
			path = Utils;
			sourceTree = "<group>";
		};
		CAA2F0DF2244696E006ACA61 /* Factory */ = {
			isa = PBXGroup;
			children = (
				CAA2F0DA2244617C006ACA61 /* GraphFactory.swift */,
			);
			path = Factory;
			sourceTree = "<group>";
		};
		CAA2F0E022446984006ACA61 /* Search */ = {
			isa = PBXGroup;
			children = (
				CAA2F0E2224469B0006ACA61 /* Search.swift */,
			);
			path = Search;
			sourceTree = "<group>";
		};
/* End PBXGroup section */

/* Begin PBXNativeTarget section */
		CAA2F0AF2242A618006ACA61 /* Graph */ = {
			isa = PBXNativeTarget;
			buildConfigurationList = CAA2F0C82242A619006ACA61 /* Build configuration list for PBXNativeTarget "Graph" */;
			buildPhases = (
				CAA2F0AC2242A618006ACA61 /* Sources */,
				CAA2F0AD2242A618006ACA61 /* Frameworks */,
				CAA2F0AE2242A618006ACA61 /* Resources */,
			);
			buildRules = (
			);
			dependencies = (
			);
			name = Graph;
			productName = Graph;
			productReference = CAA2F0B02242A618006ACA61 /* Graph.app */;
			productType = "com.apple.product-type.application";
		};
/* End PBXNativeTarget section */

/* Begin PBXProject section */
		CAA2F0A82242A618006ACA61 /* Project object */ = {
			isa = PBXProject;
			attributes = {
				LastSwiftUpdateCheck = 1010;
				LastUpgradeCheck = 1010;
				ORGANIZATIONNAME = "Lucas César  Nogueira Fonseca";
				TargetAttributes = {
					CAA2F0AF2242A618006ACA61 = {
						CreatedOnToolsVersion = 10.1;
					};
				};
			};
			buildConfigurationList = CAA2F0AB2242A618006ACA61 /* Build configuration list for PBXProject "Graph" */;
			compatibilityVersion = "Xcode 9.3";
			developmentRegion = en;
			hasScannedForEncodings = 0;
			knownRegions = (
				en,
				Base,
			);
			mainGroup = CAA2F0A72242A618006ACA61;
			productRefGroup = CAA2F0B12242A618006ACA61 /* Products */;
			projectDirPath = "";
			projectRoot = "";
			targets = (
				CAA2F0AF2242A618006ACA61 /* Graph */,
			);
		};
/* End PBXProject section */

/* Begin PBXResourcesBuildPhase section */
		CAA2F0AE2242A618006ACA61 /* Resources */ = {
			isa = PBXResourcesBuildPhase;
			buildActionMask = 2147483647;
			files = (
				CAA2F0BF2242A618006ACA61 /* Main.storyboard in Resources */,
				CAA2F0B62242A618006ACA61 /* GameScene.sks in Resources */,
				CAA2F0C12242A619006ACA61 /* Assets.xcassets in Resources */,
				CAA2F0C42242A619006ACA61 /* LaunchScreen.storyboard in Resources */,
				CAA2F0B82242A618006ACA61 /* Actions.sks in Resources */,
			);
			runOnlyForDeploymentPostprocessing = 0;
		};
/* End PBXResourcesBuildPhase section */

/* Begin PBXSourcesBuildPhase section */
		CAA2F0AC2242A618006ACA61 /* Sources */ = {
			isa = PBXSourcesBuildPhase;
			buildActionMask = 2147483647;
			files = (
				CA6EFFA8224D912600BA8A05 /* Graphable.swift in Sources */,
				CA6EFFA6224D912600BA8A05 /* AdjacencyList.swift in Sources */,
				CA6EFFA9224D912600BA8A05 /* Vertex.swift in Sources */,
				CAA2F0E3224469B0006ACA61 /* Search.swift in Sources */,
				CA6EFFA7224D912600BA8A05 /* Edge.swift in Sources */,
				CA6EFFAB224D912600BA8A05 /* Stack.swift in Sources */,
				CA6EFFAA224D912600BA8A05 /* Queue.swift in Sources */,
				CAA2F0BA2242A618006ACA61 /* GameScene.swift in Sources */,
				CAA2F0BC2242A618006ACA61 /* GameViewController.swift in Sources */,
				CAA2F0B42242A618006ACA61 /* AppDelegate.swift in Sources */,
				CAA2F0DB2244617C006ACA61 /* GraphFactory.swift in Sources */,
			);
			runOnlyForDeploymentPostprocessing = 0;
		};
/* End PBXSourcesBuildPhase section */

/* Begin PBXVariantGroup section */
		CAA2F0BD2242A618006ACA61 /* Main.storyboard */ = {
			isa = PBXVariantGroup;
			children = (
				CAA2F0BE2242A618006ACA61 /* Base */,
			);
			name = Main.storyboard;
			sourceTree = "<group>";
		};
		CAA2F0C22242A619006ACA61 /* LaunchScreen.storyboard */ = {
			isa = PBXVariantGroup;
			children = (
				CAA2F0C32242A619006ACA61 /* Base */,
			);
			name = LaunchScreen.storyboard;
			sourceTree = "<group>";
		};
/* End PBXVariantGroup section */

/* Begin XCBuildConfiguration section */
		CAA2F0C62242A619006ACA61 /* Debug */ = {
			isa = XCBuildConfiguration;
			buildSettings = {
				ALWAYS_SEARCH_USER_PATHS = NO;
				CLANG_ANALYZER_NONNULL = YES;
				CLANG_ANALYZER_NUMBER_OBJECT_CONVERSION = YES_AGGRESSIVE;
				CLANG_CXX_LANGUAGE_STANDARD = "gnu++14";
				CLANG_CXX_LIBRARY = "libc++";
				CLANG_ENABLE_MODULES = YES;
				CLANG_ENABLE_OBJC_ARC = YES;
				CLANG_ENABLE_OBJC_WEAK = YES;
				CLANG_WARN_BLOCK_CAPTURE_AUTORELEASING = YES;
				CLANG_WARN_BOOL_CONVERSION = YES;
				CLANG_WARN_COMMA = YES;
				CLANG_WARN_CONSTANT_CONVERSION = YES;
				CLANG_WARN_DEPRECATED_OBJC_IMPLEMENTATIONS = YES;
				CLANG_WARN_DIRECT_OBJC_ISA_USAGE = YES_ERROR;
				CLANG_WARN_DOCUMENTATION_COMMENTS = YES;
				CLANG_WARN_EMPTY_BODY = YES;
				CLANG_WARN_ENUM_CONVERSION = YES;
				CLANG_WARN_INFINITE_RECURSION = YES;
				CLANG_WARN_INT_CONVERSION = YES;
				CLANG_WARN_NON_LITERAL_NULL_CONVERSION = YES;
				CLANG_WARN_OBJC_IMPLICIT_RETAIN_SELF = YES;
				CLANG_WARN_OBJC_LITERAL_CONVERSION = YES;
				CLANG_WARN_OBJC_ROOT_CLASS = YES_ERROR;
				CLANG_WARN_RANGE_LOOP_ANALYSIS = YES;
				CLANG_WARN_STRICT_PROTOTYPES = YES;
				CLANG_WARN_SUSPICIOUS_MOVE = YES;
				CLANG_WARN_UNGUARDED_AVAILABILITY = YES_AGGRESSIVE;
				CLANG_WARN_UNREACHABLE_CODE = YES;
				CLANG_WARN__DUPLICATE_METHOD_MATCH = YES;
				CODE_SIGN_IDENTITY = "iPhone Developer";
				COPY_PHASE_STRIP = NO;
				DEBUG_INFORMATION_FORMAT = dwarf;
				ENABLE_STRICT_OBJC_MSGSEND = YES;
				ENABLE_TESTABILITY = YES;
				GCC_C_LANGUAGE_STANDARD = gnu11;
				GCC_DYNAMIC_NO_PIC = NO;
				GCC_NO_COMMON_BLOCKS = YES;
				GCC_OPTIMIZATION_LEVEL = 0;
				GCC_PREPROCESSOR_DEFINITIONS = (
					"DEBUG=1",
					"$(inherited)",
				);
				GCC_WARN_64_TO_32_BIT_CONVERSION = YES;
				GCC_WARN_ABOUT_RETURN_TYPE = YES_ERROR;
				GCC_WARN_UNDECLARED_SELECTOR = YES;
				GCC_WARN_UNINITIALIZED_AUTOS = YES_AGGRESSIVE;
				GCC_WARN_UNUSED_FUNCTION = YES;
				GCC_WARN_UNUSED_VARIABLE = YES;
				IPHONEOS_DEPLOYMENT_TARGET = 12.1;
				MTL_ENABLE_DEBUG_INFO = INCLUDE_SOURCE;
				MTL_FAST_MATH = YES;
				ONLY_ACTIVE_ARCH = YES;
				SDKROOT = iphoneos;
				SWIFT_ACTIVE_COMPILATION_CONDITIONS = DEBUG;
				SWIFT_OPTIMIZATION_LEVEL = "-Onone";
			};
			name = Debug;
		};
		CAA2F0C72242A619006ACA61 /* Release */ = {
			isa = XCBuildConfiguration;
			buildSettings = {
				ALWAYS_SEARCH_USER_PATHS = NO;
				CLANG_ANALYZER_NONNULL = YES;
				CLANG_ANALYZER_NUMBER_OBJECT_CONVERSION = YES_AGGRESSIVE;
				CLANG_CXX_LANGUAGE_STANDARD = "gnu++14";
				CLANG_CXX_LIBRARY = "libc++";
				CLANG_ENABLE_MODULES = YES;
				CLANG_ENABLE_OBJC_ARC = YES;
				CLANG_ENABLE_OBJC_WEAK = YES;
				CLANG_WARN_BLOCK_CAPTURE_AUTORELEASING = YES;
				CLANG_WARN_BOOL_CONVERSION = YES;
				CLANG_WARN_COMMA = YES;
				CLANG_WARN_CONSTANT_CONVERSION = YES;
				CLANG_WARN_DEPRECATED_OBJC_IMPLEMENTATIONS = YES;
				CLANG_WARN_DIRECT_OBJC_ISA_USAGE = YES_ERROR;
				CLANG_WARN_DOCUMENTATION_COMMENTS = YES;
				CLANG_WARN_EMPTY_BODY = YES;
				CLANG_WARN_ENUM_CONVERSION = YES;
				CLANG_WARN_INFINITE_RECURSION = YES;
				CLANG_WARN_INT_CONVERSION = YES;
				CLANG_WARN_NON_LITERAL_NULL_CONVERSION = YES;
				CLANG_WARN_OBJC_IMPLICIT_RETAIN_SELF = YES;
				CLANG_WARN_OBJC_LITERAL_CONVERSION = YES;
				CLANG_WARN_OBJC_ROOT_CLASS = YES_ERROR;
				CLANG_WARN_RANGE_LOOP_ANALYSIS = YES;
				CLANG_WARN_STRICT_PROTOTYPES = YES;
				CLANG_WARN_SUSPICIOUS_MOVE = YES;
				CLANG_WARN_UNGUARDED_AVAILABILITY = YES_AGGRESSIVE;
				CLANG_WARN_UNREACHABLE_CODE = YES;
				CLANG_WARN__DUPLICATE_METHOD_MATCH = YES;
				CODE_SIGN_IDENTITY = "iPhone Developer";
				COPY_PHASE_STRIP = NO;
				DEBUG_INFORMATION_FORMAT = "dwarf-with-dsym";
				ENABLE_NS_ASSERTIONS = NO;
				ENABLE_STRICT_OBJC_MSGSEND = YES;
				GCC_C_LANGUAGE_STANDARD = gnu11;
				GCC_NO_COMMON_BLOCKS = YES;
				GCC_WARN_64_TO_32_BIT_CONVERSION = YES;
				GCC_WARN_ABOUT_RETURN_TYPE = YES_ERROR;
				GCC_WARN_UNDECLARED_SELECTOR = YES;
				GCC_WARN_UNINITIALIZED_AUTOS = YES_AGGRESSIVE;
				GCC_WARN_UNUSED_FUNCTION = YES;
				GCC_WARN_UNUSED_VARIABLE = YES;
				IPHONEOS_DEPLOYMENT_TARGET = 12.1;
				MTL_ENABLE_DEBUG_INFO = NO;
				MTL_FAST_MATH = YES;
				SDKROOT = iphoneos;
				SWIFT_COMPILATION_MODE = wholemodule;
				SWIFT_OPTIMIZATION_LEVEL = "-O";
				VALIDATE_PRODUCT = YES;
			};
			name = Release;
		};
		CAA2F0C92242A619006ACA61 /* Debug */ = {
			isa = XCBuildConfiguration;
			buildSettings = {
				ASSETCATALOG_COMPILER_APPICON_NAME = AppIcon;
				CODE_SIGN_STYLE = Automatic;
				DEVELOPMENT_TEAM = EU52X4J36U;
				INFOPLIST_FILE = Graph/Info.plist;
				LD_RUNPATH_SEARCH_PATHS = (
					"$(inherited)",
					"@executable_path/Frameworks",
				);
				PRODUCT_BUNDLE_IDENTIFIER = test.Graph;
				PRODUCT_NAME = "$(TARGET_NAME)";
				SWIFT_VERSION = 4.2;
				TARGETED_DEVICE_FAMILY = "1,2";
			};
			name = Debug;
		};
		CAA2F0CA2242A619006ACA61 /* Release */ = {
			isa = XCBuildConfiguration;
			buildSettings = {
				ASSETCATALOG_COMPILER_APPICON_NAME = AppIcon;
				CODE_SIGN_STYLE = Automatic;
				DEVELOPMENT_TEAM = EU52X4J36U;
				INFOPLIST_FILE = Graph/Info.plist;
				LD_RUNPATH_SEARCH_PATHS = (
					"$(inherited)",
					"@executable_path/Frameworks",
				);
				PRODUCT_BUNDLE_IDENTIFIER = test.Graph;
				PRODUCT_NAME = "$(TARGET_NAME)";
				SWIFT_VERSION = 4.2;
				TARGETED_DEVICE_FAMILY = "1,2";
			};
			name = Release;
		};
/* End XCBuildConfiguration section */

/* Begin XCConfigurationList section */
		CAA2F0AB2242A618006ACA61 /* Build configuration list for PBXProject "Graph" */ = {
			isa = XCConfigurationList;
			buildConfigurations = (
				CAA2F0C62242A619006ACA61 /* Debug */,
				CAA2F0C72242A619006ACA61 /* Release */,
			);
			defaultConfigurationIsVisible = 0;
			defaultConfigurationName = Release;
		};
		CAA2F0C82242A619006ACA61 /* Build configuration list for PBXNativeTarget "Graph" */ = {
			isa = XCConfigurationList;
			buildConfigurations = (
				CAA2F0C92242A619006ACA61 /* Debug */,
				CAA2F0CA2242A619006ACA61 /* Release */,
			);
			defaultConfigurationIsVisible = 0;
			defaultConfigurationName = Release;
		};
/* End XCConfigurationList section */
	};
	rootObject = CAA2F0A82242A618006ACA61 /* Project object */;
}
